
Microsoft Visual Studio Solution File, Format Version 12.00
# Visual Studio Version 17
VisualStudioVersion = 17.7.34009.444
MinimumVisualStudioVersion = 10.0.40219.1
Project("{FAE04EC0-301F-11D3-BF4B-00C04F79EFBC}") = "1.4Uzduotis_Random", "1.4Uzduotis_Random\1.4Uzduotis_Random.csproj", "{683821E7-0250-487B-ABB7-955ED8FE9481}"
EndProject
Global
	GlobalSection(SolutionConfigurationPlatforms) = preSolution
		Debug|Any CPU = Debug|Any CPU
		Release|Any CPU = Release|Any CPU
	EndGlobalSection
	GlobalSection(ProjectConfigurationPlatforms) = postSolution
		{683821E7-0250-487B-ABB7-955ED8FE9481}.Debug|Any CPU.ActiveCfg = Debug|Any CPU
		{683821E7-0250-487B-ABB7-955ED8FE9481}.Debug|Any CPU.Build.0 = Debug|Any CPU
		{683821E7-0250-487B-ABB7-955ED8FE9481}.Release|Any CPU.ActiveCfg = Release|Any CPU
		{683821E7-0250-487B-ABB7-955ED8FE9481}.Release|Any CPU.Build.0 = Release|Any CPU
	EndGlobalSection
	GlobalSection(SolutionProperties) = preSolution
		HideSolutionNode = FALSE
	EndGlobalSection
	GlobalSection(ExtensibilityGlobals) = postSolution
		SolutionGuid = {B83E382F-A088-48C7-BA86-21A7428C9DAB}
	EndGlobalSection
EndGlobal
